
Microsoft Visual Studio Solution File, Format Version 12.00
# Visual Studio 15
VisualStudioVersion = 15.0.28307.1705
MinimumVisualStudioVersion = 10.0.40219.1
Project("{FAE04EC0-301F-11D3-BF4B-00C04F79EFBC}") = "prog1.2graf", "prog1.2graf\prog1.2graf.csproj", "{60C50237-ADCD-44F2-8EC2-EF7B14FCCA91}"
EndProject
Global
	GlobalSection(SolutionConfigurationPlatforms) = preSolution
		Debug|Any CPU = Debug|Any CPU
		Release|Any CPU = Release|Any CPU
	EndGlobalSection
	GlobalSection(ProjectConfigurationPlatforms) = postSolution
		{60C50237-ADCD-44F2-8EC2-EF7B14FCCA91}.Debug|Any CPU.ActiveCfg = Debug|Any CPU
		{60C50237-ADCD-44F2-8EC2-EF7B14FCCA91}.Debug|Any CPU.Build.0 = Debug|Any CPU
		{60C50237-ADCD-44F2-8EC2-EF7B14FCCA91}.Release|Any CPU.ActiveCfg = Release|Any CPU
		{60C50237-ADCD-44F2-8EC2-EF7B14FCCA91}.Release|Any CPU.Build.0 = Release|Any CPU
	EndGlobalSection
	GlobalSection(SolutionProperties) = preSolution
		HideSolutionNode = FALSE
	EndGlobalSection
	GlobalSection(ExtensibilityGlobals) = postSolution
		SolutionGuid = {055D5A45-AC0E-407F-A637-95B1BB1A85B4}
	EndGlobalSection
EndGlobal
